
Microsoft Visual Studio Solution File, Format Version 12.00
# Visual Studio 15
VisualStudioVersion = 15.0.26730.12
MinimumVisualStudioVersion = 10.0.40219.1
Project("{FAE04EC0-301F-11D3-BF4B-00C04F79EFBC}") = "DesignPatterns.Observer", "DesignPatterns.Observer\DesignPatterns.Observer.csproj", "{899F9804-6213-44AA-9414-4289A93A63FC}"
EndProject
Project("{FAE04EC0-301F-11D3-BF4B-00C04F79EFBC}") = "DesignPatterns.Observer.Tests", "DesignPatterns.Observer.Tests\DesignPatterns.Observer.Tests.csproj", "{65D13DEA-BC8F-46F0-BE7F-4401AD3C4EFD}"
EndProject
Global
	GlobalSection(SolutionConfigurationPlatforms) = preSolution
		Debug|Any CPU = Debug|Any CPU
		Release|Any CPU = Release|Any CPU
	EndGlobalSection
	GlobalSection(ProjectConfigurationPlatforms) = postSolution
		{899F9804-6213-44AA-9414-4289A93A63FC}.Debug|Any CPU.ActiveCfg = Debug|Any CPU
		{899F9804-6213-44AA-9414-4289A93A63FC}.Debug|Any CPU.Build.0 = Debug|Any CPU
		{899F9804-6213-44AA-9414-4289A93A63FC}.Release|Any CPU.ActiveCfg = Release|Any CPU
		{899F9804-6213-44AA-9414-4289A93A63FC}.Release|Any CPU.Build.0 = Release|Any CPU
		{65D13DEA-BC8F-46F0-BE7F-4401AD3C4EFD}.Debug|Any CPU.ActiveCfg = Debug|Any CPU
		{65D13DEA-BC8F-46F0-BE7F-4401AD3C4EFD}.Debug|Any CPU.Build.0 = Debug|Any CPU
		{65D13DEA-BC8F-46F0-BE7F-4401AD3C4EFD}.Release|Any CPU.ActiveCfg = Release|Any CPU
		{65D13DEA-BC8F-46F0-BE7F-4401AD3C4EFD}.Release|Any CPU.Build.0 = Release|Any CPU
	EndGlobalSection
	GlobalSection(SolutionProperties) = preSolution
		HideSolutionNode = FALSE
	EndGlobalSection
	GlobalSection(ExtensibilityGlobals) = postSolution
		SolutionGuid = {53D88508-AF6C-47F5-9781-1049D81B9A39}
	EndGlobalSection
EndGlobal
